
Microsoft Visual Studio Solution File, Format Version 12.00
# Visual Studio Version 16
VisualStudioVersion = 16.0.28803.352
MinimumVisualStudioVersion = 10.0.40219.1
Project("{FAE04EC0-301F-11D3-BF4B-00C04F79EFBC}") = "HandyControl_VS2019", "HandyControl_VS2019\HandyControl_VS2019.csproj", "{3F0F7B9E-C150-4FAA-9274-4F6F0A96B8CA}"
EndProject
Project("{FAE04EC0-301F-11D3-BF4B-00C04F79EFBC}") = "WpfApp", "WpfApp\WpfApp.csproj", "{83C70EB1-3A3F-4812-B86C-C7D1936699EB}"
EndProject
Project("{FAE04EC0-301F-11D3-BF4B-00C04F79EFBC}") = "WpfCoreApp", "WpfCoreApp\WpfCoreApp.csproj", "{2F6E9FB8-F579-40CF-A151-57F281F08E1B}"
EndProject
Project("{FAE04EC0-301F-11D3-BF4B-00C04F79EFBC}") = "WpfAppMVVM", "WpfAppMVVM\WpfAppMVVM.csproj", "{EEDA7B9E-3562-4F93-937B-CBE4352D39D6}"
EndProject
Project("{FAE04EC0-301F-11D3-BF4B-00C04F79EFBC}") = "WpfCoreAppMVVM", "WpfCoreAppMVVM\WpfCoreAppMVVM.csproj", "{754340D1-9DE6-483B-801E-DBE325F92BD2}"
EndProject
Global
	GlobalSection(SolutionConfigurationPlatforms) = preSolution
		Debug|Any CPU = Debug|Any CPU
		Release|Any CPU = Release|Any CPU
	EndGlobalSection
	GlobalSection(ProjectConfigurationPlatforms) = postSolution
		{3F0F7B9E-C150-4FAA-9274-4F6F0A96B8CA}.Debug|Any CPU.ActiveCfg = Debug|Any CPU
		{3F0F7B9E-C150-4FAA-9274-4F6F0A96B8CA}.Debug|Any CPU.Build.0 = Debug|Any CPU
		{3F0F7B9E-C150-4FAA-9274-4F6F0A96B8CA}.Release|Any CPU.ActiveCfg = Release|Any CPU
		{3F0F7B9E-C150-4FAA-9274-4F6F0A96B8CA}.Release|Any CPU.Build.0 = Release|Any CPU
		{83C70EB1-3A3F-4812-B86C-C7D1936699EB}.Debug|Any CPU.ActiveCfg = Debug|Any CPU
		{83C70EB1-3A3F-4812-B86C-C7D1936699EB}.Debug|Any CPU.Build.0 = Debug|Any CPU
		{83C70EB1-3A3F-4812-B86C-C7D1936699EB}.Release|Any CPU.ActiveCfg = Release|Any CPU
		{83C70EB1-3A3F-4812-B86C-C7D1936699EB}.Release|Any CPU.Build.0 = Release|Any CPU
		{2F6E9FB8-F579-40CF-A151-57F281F08E1B}.Debug|Any CPU.ActiveCfg = Debug|Any CPU
		{2F6E9FB8-F579-40CF-A151-57F281F08E1B}.Debug|Any CPU.Build.0 = Debug|Any CPU
		{2F6E9FB8-F579-40CF-A151-57F281F08E1B}.Release|Any CPU.ActiveCfg = Release|Any CPU
		{2F6E9FB8-F579-40CF-A151-57F281F08E1B}.Release|Any CPU.Build.0 = Release|Any CPU
		{EEDA7B9E-3562-4F93-937B-CBE4352D39D6}.Debug|Any CPU.ActiveCfg = Debug|Any CPU
		{EEDA7B9E-3562-4F93-937B-CBE4352D39D6}.Debug|Any CPU.Build.0 = Debug|Any CPU
		{EEDA7B9E-3562-4F93-937B-CBE4352D39D6}.Release|Any CPU.ActiveCfg = Release|Any CPU
		{EEDA7B9E-3562-4F93-937B-CBE4352D39D6}.Release|Any CPU.Build.0 = Release|Any CPU
		{754340D1-9DE6-483B-801E-DBE325F92BD2}.Debug|Any CPU.ActiveCfg = Debug|Any CPU
		{754340D1-9DE6-483B-801E-DBE325F92BD2}.Debug|Any CPU.Build.0 = Debug|Any CPU
		{754340D1-9DE6-483B-801E-DBE325F92BD2}.Release|Any CPU.ActiveCfg = Release|Any CPU
		{754340D1-9DE6-483B-801E-DBE325F92BD2}.Release|Any CPU.Build.0 = Release|Any CPU
	EndGlobalSection
	GlobalSection(SolutionProperties) = preSolution
		HideSolutionNode = FALSE
	EndGlobalSection
	GlobalSection(ExtensibilityGlobals) = postSolution
		SolutionGuid = {A7F567D2-5FA3-4E17-A8A8-CDAFC217BFF5}
	EndGlobalSection
EndGlobal
