
Microsoft Visual Studio Solution File, Format Version 12.00
# Visual Studio Version 17
VisualStudioVersion = 17.0.31717.71
MinimumVisualStudioVersion = 10.0.40219.1
Project("{FAE04EC0-301F-11D3-BF4B-00C04F79EFBC}") = "WpfApp", "WpfApp\WpfApp.csproj", "{83C70EB1-3A3F-4812-B86C-C7D1936699EB}"
EndProject
Project("{FAE04EC0-301F-11D3-BF4B-00C04F79EFBC}") = "WpfCoreApp", "WpfCoreApp\WpfCoreApp.csproj", "{2F6E9FB8-F579-40CF-A151-57F281F08E1B}"
EndProject
Project("{FAE04EC0-301F-11D3-BF4B-00C04F79EFBC}") = "WpfAppMVVMPrism", "WpfAppMVVMPrism\WpfAppMVVMPrism.csproj", "{30D2CC18-10F6-4C29-BEBE-9ED13FF77B14}"
EndProject
Project("{FAE04EC0-301F-11D3-BF4B-00C04F79EFBC}") = "WpfCoreAppPrism", "WpfCoreAppPrism\WpfCoreAppPrism.csproj", "{DC81E129-BF4F-4BF1-A552-C3CD86905F1B}"
EndProject
Project("{2150E333-8FDC-42A3-9474-1A3956D46DE8}") = "Project Templates", "Project Templates", "{5DF2541E-AA3A-404D-8205-EB708BC77ABA}"
EndProject
Project("{FAE04EC0-301F-11D3-BF4B-00C04F79EFBC}") = "WpfAppMVVMStylet", "WpfAppMVVMStylet\WpfAppMVVMStylet.csproj", "{808EAEE5-3A92-4BDB-8ED3-2651837FCA5B}"
EndProject
Project("{FAE04EC0-301F-11D3-BF4B-00C04F79EFBC}") = "WpfCoreAppStylet", "WpfCoreAppStylet\WpfCoreAppStylet.csproj", "{5B2B8B67-EF20-470C-ADCC-97A5AFF1EBFC}"
EndProject
Project("{FAE04EC0-301F-11D3-BF4B-00C04F79EFBC}") = "HandyControl", "HandyControl\HandyControl.csproj", "{2D0AE61D-2480-4AFE-8946-B25F940545B9}"
EndProject
Global
	GlobalSection(SolutionConfigurationPlatforms) = preSolution
		Debug|Any CPU = Debug|Any CPU
		Debug|x86 = Debug|x86
		Release|Any CPU = Release|Any CPU
		Release|x86 = Release|x86
	EndGlobalSection
	GlobalSection(ProjectConfigurationPlatforms) = postSolution
		{83C70EB1-3A3F-4812-B86C-C7D1936699EB}.Debug|Any CPU.ActiveCfg = Debug|Any CPU
		{83C70EB1-3A3F-4812-B86C-C7D1936699EB}.Debug|Any CPU.Build.0 = Debug|Any CPU
		{83C70EB1-3A3F-4812-B86C-C7D1936699EB}.Debug|x86.ActiveCfg = Debug|x86
		{83C70EB1-3A3F-4812-B86C-C7D1936699EB}.Debug|x86.Build.0 = Debug|x86
		{83C70EB1-3A3F-4812-B86C-C7D1936699EB}.Release|Any CPU.ActiveCfg = Release|Any CPU
		{83C70EB1-3A3F-4812-B86C-C7D1936699EB}.Release|Any CPU.Build.0 = Release|Any CPU
		{83C70EB1-3A3F-4812-B86C-C7D1936699EB}.Release|x86.ActiveCfg = Release|x86
		{83C70EB1-3A3F-4812-B86C-C7D1936699EB}.Release|x86.Build.0 = Release|x86
		{2F6E9FB8-F579-40CF-A151-57F281F08E1B}.Debug|Any CPU.ActiveCfg = Debug|Any CPU
		{2F6E9FB8-F579-40CF-A151-57F281F08E1B}.Debug|Any CPU.Build.0 = Debug|Any CPU
		{2F6E9FB8-F579-40CF-A151-57F281F08E1B}.Debug|x86.ActiveCfg = Debug|x86
		{2F6E9FB8-F579-40CF-A151-57F281F08E1B}.Debug|x86.Build.0 = Debug|x86
		{2F6E9FB8-F579-40CF-A151-57F281F08E1B}.Release|Any CPU.ActiveCfg = Release|Any CPU
		{2F6E9FB8-F579-40CF-A151-57F281F08E1B}.Release|Any CPU.Build.0 = Release|Any CPU
		{2F6E9FB8-F579-40CF-A151-57F281F08E1B}.Release|x86.ActiveCfg = Release|x86
		{2F6E9FB8-F579-40CF-A151-57F281F08E1B}.Release|x86.Build.0 = Release|x86
		{30D2CC18-10F6-4C29-BEBE-9ED13FF77B14}.Debug|Any CPU.ActiveCfg = Debug|Any CPU
		{30D2CC18-10F6-4C29-BEBE-9ED13FF77B14}.Debug|Any CPU.Build.0 = Debug|Any CPU
		{30D2CC18-10F6-4C29-BEBE-9ED13FF77B14}.Debug|x86.ActiveCfg = Debug|x86
		{30D2CC18-10F6-4C29-BEBE-9ED13FF77B14}.Debug|x86.Build.0 = Debug|x86
		{30D2CC18-10F6-4C29-BEBE-9ED13FF77B14}.Release|Any CPU.ActiveCfg = Release|Any CPU
		{30D2CC18-10F6-4C29-BEBE-9ED13FF77B14}.Release|Any CPU.Build.0 = Release|Any CPU
		{30D2CC18-10F6-4C29-BEBE-9ED13FF77B14}.Release|x86.ActiveCfg = Release|x86
		{30D2CC18-10F6-4C29-BEBE-9ED13FF77B14}.Release|x86.Build.0 = Release|x86
		{DC81E129-BF4F-4BF1-A552-C3CD86905F1B}.Debug|Any CPU.ActiveCfg = Debug|Any CPU
		{DC81E129-BF4F-4BF1-A552-C3CD86905F1B}.Debug|Any CPU.Build.0 = Debug|Any CPU
		{DC81E129-BF4F-4BF1-A552-C3CD86905F1B}.Debug|x86.ActiveCfg = Debug|x86
		{DC81E129-BF4F-4BF1-A552-C3CD86905F1B}.Debug|x86.Build.0 = Debug|x86
		{DC81E129-BF4F-4BF1-A552-C3CD86905F1B}.Release|Any CPU.ActiveCfg = Release|Any CPU
		{DC81E129-BF4F-4BF1-A552-C3CD86905F1B}.Release|Any CPU.Build.0 = Release|Any CPU
		{DC81E129-BF4F-4BF1-A552-C3CD86905F1B}.Release|x86.ActiveCfg = Release|x86
		{DC81E129-BF4F-4BF1-A552-C3CD86905F1B}.Release|x86.Build.0 = Release|x86
		{808EAEE5-3A92-4BDB-8ED3-2651837FCA5B}.Debug|Any CPU.ActiveCfg = Debug|Any CPU
		{808EAEE5-3A92-4BDB-8ED3-2651837FCA5B}.Debug|Any CPU.Build.0 = Debug|Any CPU
		{808EAEE5-3A92-4BDB-8ED3-2651837FCA5B}.Debug|x86.ActiveCfg = Debug|x86
		{808EAEE5-3A92-4BDB-8ED3-2651837FCA5B}.Debug|x86.Build.0 = Debug|x86
		{808EAEE5-3A92-4BDB-8ED3-2651837FCA5B}.Release|Any CPU.ActiveCfg = Release|Any CPU
		{808EAEE5-3A92-4BDB-8ED3-2651837FCA5B}.Release|Any CPU.Build.0 = Release|Any CPU
		{808EAEE5-3A92-4BDB-8ED3-2651837FCA5B}.Release|x86.ActiveCfg = Release|x86
		{808EAEE5-3A92-4BDB-8ED3-2651837FCA5B}.Release|x86.Build.0 = Release|x86
		{5B2B8B67-EF20-470C-ADCC-97A5AFF1EBFC}.Debug|Any CPU.ActiveCfg = Debug|Any CPU
		{5B2B8B67-EF20-470C-ADCC-97A5AFF1EBFC}.Debug|Any CPU.Build.0 = Debug|Any CPU
		{5B2B8B67-EF20-470C-ADCC-97A5AFF1EBFC}.Debug|x86.ActiveCfg = Debug|x86
		{5B2B8B67-EF20-470C-ADCC-97A5AFF1EBFC}.Debug|x86.Build.0 = Debug|x86
		{5B2B8B67-EF20-470C-ADCC-97A5AFF1EBFC}.Release|Any CPU.ActiveCfg = Release|Any CPU
		{5B2B8B67-EF20-470C-ADCC-97A5AFF1EBFC}.Release|Any CPU.Build.0 = Release|Any CPU
		{5B2B8B67-EF20-470C-ADCC-97A5AFF1EBFC}.Release|x86.ActiveCfg = Release|x86
		{5B2B8B67-EF20-470C-ADCC-97A5AFF1EBFC}.Release|x86.Build.0 = Release|x86
		{2D0AE61D-2480-4AFE-8946-B25F940545B9}.Debug|Any CPU.ActiveCfg = Debug|Any CPU
		{2D0AE61D-2480-4AFE-8946-B25F940545B9}.Debug|Any CPU.Build.0 = Debug|Any CPU
		{2D0AE61D-2480-4AFE-8946-B25F940545B9}.Debug|x86.ActiveCfg = Debug|x86
		{2D0AE61D-2480-4AFE-8946-B25F940545B9}.Debug|x86.Build.0 = Debug|x86
		{2D0AE61D-2480-4AFE-8946-B25F940545B9}.Release|Any CPU.ActiveCfg = Release|Any CPU
		{2D0AE61D-2480-4AFE-8946-B25F940545B9}.Release|Any CPU.Build.0 = Release|Any CPU
		{2D0AE61D-2480-4AFE-8946-B25F940545B9}.Release|x86.ActiveCfg = Release|x86
		{2D0AE61D-2480-4AFE-8946-B25F940545B9}.Release|x86.Build.0 = Release|x86
	EndGlobalSection
	GlobalSection(SolutionProperties) = preSolution
		HideSolutionNode = FALSE
	EndGlobalSection
	GlobalSection(NestedProjects) = preSolution
		{83C70EB1-3A3F-4812-B86C-C7D1936699EB} = {5DF2541E-AA3A-404D-8205-EB708BC77ABA}
		{2F6E9FB8-F579-40CF-A151-57F281F08E1B} = {5DF2541E-AA3A-404D-8205-EB708BC77ABA}
		{30D2CC18-10F6-4C29-BEBE-9ED13FF77B14} = {5DF2541E-AA3A-404D-8205-EB708BC77ABA}
		{DC81E129-BF4F-4BF1-A552-C3CD86905F1B} = {5DF2541E-AA3A-404D-8205-EB708BC77ABA}
		{808EAEE5-3A92-4BDB-8ED3-2651837FCA5B} = {5DF2541E-AA3A-404D-8205-EB708BC77ABA}
		{5B2B8B67-EF20-470C-ADCC-97A5AFF1EBFC} = {5DF2541E-AA3A-404D-8205-EB708BC77ABA}
	EndGlobalSection
	GlobalSection(ExtensibilityGlobals) = postSolution
		SolutionGuid = {A7F567D2-5FA3-4E17-A8A8-CDAFC217BFF5}
	EndGlobalSection
EndGlobal
